
Microsoft Visual Studio Solution File, Format Version 12.00
# Visual Studio Version 16
VisualStudioVersion = 16.0.31729.503
MinimumVisualStudioVersion = 10.0.40219.1
Project("{FAE04EC0-301F-11D3-BF4B-00C04F79EFBC}") = "NumberGuess", "NumberGuess\NumberGuess.csproj", "{0707AA58-4862-4EE4-98C2-97DBF62A9FC0}"
EndProject
Global
	GlobalSection(SolutionConfigurationPlatforms) = preSolution
		Debug|Any CPU = Debug|Any CPU
		Release|Any CPU = Release|Any CPU
	EndGlobalSection
	GlobalSection(ProjectConfigurationPlatforms) = postSolution
		{0707AA58-4862-4EE4-98C2-97DBF62A9FC0}.Debug|Any CPU.ActiveCfg = Debug|Any CPU
		{0707AA58-4862-4EE4-98C2-97DBF62A9FC0}.Debug|Any CPU.Build.0 = Debug|Any CPU
		{0707AA58-4862-4EE4-98C2-97DBF62A9FC0}.Release|Any CPU.ActiveCfg = Release|Any CPU
		{0707AA58-4862-4EE4-98C2-97DBF62A9FC0}.Release|Any CPU.Build.0 = Release|Any CPU
	EndGlobalSection
	GlobalSection(SolutionProperties) = preSolution
		HideSolutionNode = FALSE
	EndGlobalSection
	GlobalSection(ExtensibilityGlobals) = postSolution
		SolutionGuid = {2A863A61-41FC-426C-BB28-E232ECC2BF51}
	EndGlobalSection
EndGlobal
